
Microsoft Visual Studio Solution File, Format Version 12.00
# Visual Studio 15
VisualStudioVersion = 15.0.28307.271
MinimumVisualStudioVersion = 10.0.40219.1
Project("{FAE04EC0-301F-11D3-BF4B-00C04F79EFBC}") = "Zad7", "Zad7\Zad7.csproj", "{CF1583F6-7A67-4738-885C-A983B69A96F0}"
EndProject
Global
	GlobalSection(SolutionConfigurationPlatforms) = preSolution
		Debug|Any CPU = Debug|Any CPU
		Release|Any CPU = Release|Any CPU
	EndGlobalSection
	GlobalSection(ProjectConfigurationPlatforms) = postSolution
		{CF1583F6-7A67-4738-885C-A983B69A96F0}.Debug|Any CPU.ActiveCfg = Debug|Any CPU
		{CF1583F6-7A67-4738-885C-A983B69A96F0}.Debug|Any CPU.Build.0 = Debug|Any CPU
		{CF1583F6-7A67-4738-885C-A983B69A96F0}.Release|Any CPU.ActiveCfg = Release|Any CPU
		{CF1583F6-7A67-4738-885C-A983B69A96F0}.Release|Any CPU.Build.0 = Release|Any CPU
	EndGlobalSection
	GlobalSection(SolutionProperties) = preSolution
		HideSolutionNode = FALSE
	EndGlobalSection
	GlobalSection(ExtensibilityGlobals) = postSolution
		SolutionGuid = {5CC7A4CD-A13F-4778-8C1F-0D2174DA7006}
	EndGlobalSection
EndGlobal
